{
    "_meta": {
        "hash": {
            "sha256": "c5e36eab3c12d9d4d4a9d058a75926847fd71dc1b5756c5f73a681bbfd80a856"
        },
        "pipfile-spec": 6,
        "requires": {
            "python_version": "3.6"
        },
        "sources": [
            {
                "name": "pypi",
                "url": "https://pypi.python.org/simple",
                "verify_ssl": true
            }
        ]
    },
    "default": {
        "numpy": {
            "hashes": [
                "sha256:07e21f14490324cc1160db101e9b6c1233c33985af4cb1d301dd02650fea1d7f",
                "sha256:facc6f925c3099ac01a1f03758100772560a0b020fb9d70f210404be08006bcb"
            ],
            "markers": "python_version == '>=2.7,!=3.0.*,!=3.1.*,!=3.2.*,!=3.3.*'",
            "version": "==1.14.2"
        }
    },
    "develop": {}
}
